
Microsoft Visual Studio Solution File, Format Version 12.00
# Visual Studio Version 16
VisualStudioVersion = 16.0.31829.152
MinimumVisualStudioVersion = 10.0.40219.1
Project("{FAE04EC0-301F-11D3-BF4B-00C04F79EFBC}") = "DanilWhale WinForms Controls Library", "DanilWhale WinForms Controls Library.csproj", "{4DC72C0F-C950-42D1-8AD7-47A4EEC0474E}"
EndProject
Global
	GlobalSection(SolutionConfigurationPlatforms) = preSolution
		Debug|Any CPU = Debug|Any CPU
		Release|Any CPU = Release|Any CPU
	EndGlobalSection
	GlobalSection(ProjectConfigurationPlatforms) = postSolution
		{4DC72C0F-C950-42D1-8AD7-47A4EEC0474E}.Debug|Any CPU.ActiveCfg = Debug|Any CPU
		{4DC72C0F-C950-42D1-8AD7-47A4EEC0474E}.Debug|Any CPU.Build.0 = Debug|Any CPU
		{4DC72C0F-C950-42D1-8AD7-47A4EEC0474E}.Release|Any CPU.ActiveCfg = Release|Any CPU
		{4DC72C0F-C950-42D1-8AD7-47A4EEC0474E}.Release|Any CPU.Build.0 = Release|Any CPU
	EndGlobalSection
	GlobalSection(SolutionProperties) = preSolution
		HideSolutionNode = FALSE
	EndGlobalSection
	GlobalSection(ExtensibilityGlobals) = postSolution
		SolutionGuid = {E07F0E97-832B-4DA3-86D1-66A52EE080FE}
	EndGlobalSection
EndGlobal
